
Microsoft Visual Studio Solution File, Format Version 12.00
# Visual Studio 2013
VisualStudioVersion = 12.0.31101.0
MinimumVisualStudioVersion = 10.0.40219.1
Project("{FAE04EC0-301F-11D3-BF4B-00C04F79EFBC}") = "Factories", "DesignPatterns.Creational.Factories\Factories.csproj", "{56D62D68-B7A5-4D15-9495-6D4A4B249D05}"
EndProject
Project("{2150E333-8FDC-42A3-9474-1A3956D46DE8}") = "Creational Patterns", "Creational Patterns", "{8C83C4DC-F23B-488E-A961-AFD76508EA6D}"
EndProject
Project("{FAE04EC0-301F-11D3-BF4B-00C04F79EFBC}") = "Singleton", "DesignPatterns.Creational.Singleton\Singleton.csproj", "{CCBFBACC-2CB9-41F8-94A9-EDEF8839DB47}"
EndProject
Project("{FAE04EC0-301F-11D3-BF4B-00C04F79EFBC}") = "Tests", "DesignPatterns.Creational.Tests\Tests.csproj", "{233F051D-8307-48F7-80A5-1BA34F0C74C0}"
EndProject
Global
	GlobalSection(SolutionConfigurationPlatforms) = preSolution
		Debug|Any CPU = Debug|Any CPU
		Release|Any CPU = Release|Any CPU
	EndGlobalSection
	GlobalSection(ProjectConfigurationPlatforms) = postSolution
		{56D62D68-B7A5-4D15-9495-6D4A4B249D05}.Debug|Any CPU.ActiveCfg = Debug|Any CPU
		{56D62D68-B7A5-4D15-9495-6D4A4B249D05}.Debug|Any CPU.Build.0 = Debug|Any CPU
		{56D62D68-B7A5-4D15-9495-6D4A4B249D05}.Release|Any CPU.ActiveCfg = Release|Any CPU
		{56D62D68-B7A5-4D15-9495-6D4A4B249D05}.Release|Any CPU.Build.0 = Release|Any CPU
		{CCBFBACC-2CB9-41F8-94A9-EDEF8839DB47}.Debug|Any CPU.ActiveCfg = Debug|Any CPU
		{CCBFBACC-2CB9-41F8-94A9-EDEF8839DB47}.Debug|Any CPU.Build.0 = Debug|Any CPU
		{CCBFBACC-2CB9-41F8-94A9-EDEF8839DB47}.Release|Any CPU.ActiveCfg = Release|Any CPU
		{CCBFBACC-2CB9-41F8-94A9-EDEF8839DB47}.Release|Any CPU.Build.0 = Release|Any CPU
		{233F051D-8307-48F7-80A5-1BA34F0C74C0}.Debug|Any CPU.ActiveCfg = Debug|Any CPU
		{233F051D-8307-48F7-80A5-1BA34F0C74C0}.Debug|Any CPU.Build.0 = Debug|Any CPU
		{233F051D-8307-48F7-80A5-1BA34F0C74C0}.Release|Any CPU.ActiveCfg = Release|Any CPU
		{233F051D-8307-48F7-80A5-1BA34F0C74C0}.Release|Any CPU.Build.0 = Release|Any CPU
	EndGlobalSection
	GlobalSection(SolutionProperties) = preSolution
		HideSolutionNode = FALSE
	EndGlobalSection
	GlobalSection(NestedProjects) = preSolution
		{56D62D68-B7A5-4D15-9495-6D4A4B249D05} = {8C83C4DC-F23B-488E-A961-AFD76508EA6D}
		{CCBFBACC-2CB9-41F8-94A9-EDEF8839DB47} = {8C83C4DC-F23B-488E-A961-AFD76508EA6D}
		{233F051D-8307-48F7-80A5-1BA34F0C74C0} = {8C83C4DC-F23B-488E-A961-AFD76508EA6D}
	EndGlobalSection
EndGlobal
